
Microsoft Visual Studio Solution File, Format Version 12.00
# Visual Studio Version 16
VisualStudioVersion = 16.0.31112.23
MinimumVisualStudioVersion = 10.0.40219.1
Project("{FAE04EC0-301F-11D3-BF4B-00C04F79EFBC}") = "01_Bellman-Ford", "01_Bellman-Ford\01_Bellman-Ford.csproj", "{3DF9AACB-3ADD-439C-AED7-5EDFE03EE0DF}"
EndProject
Project("{FAE04EC0-301F-11D3-BF4B-00C04F79EFBC}") = "02_Longest_Path", "02_Longest_Path\02_Longest_Path.csproj", "{74BE364B-7487-4AFB-ADA4-AD32DD9B24B0}"
EndProject
Global
	GlobalSection(SolutionConfigurationPlatforms) = preSolution
		Debug|Any CPU = Debug|Any CPU
		Release|Any CPU = Release|Any CPU
	EndGlobalSection
	GlobalSection(ProjectConfigurationPlatforms) = postSolution
		{3DF9AACB-3ADD-439C-AED7-5EDFE03EE0DF}.Debug|Any CPU.ActiveCfg = Debug|Any CPU
		{3DF9AACB-3ADD-439C-AED7-5EDFE03EE0DF}.Debug|Any CPU.Build.0 = Debug|Any CPU
		{3DF9AACB-3ADD-439C-AED7-5EDFE03EE0DF}.Release|Any CPU.ActiveCfg = Release|Any CPU
		{3DF9AACB-3ADD-439C-AED7-5EDFE03EE0DF}.Release|Any CPU.Build.0 = Release|Any CPU
		{74BE364B-7487-4AFB-ADA4-AD32DD9B24B0}.Debug|Any CPU.ActiveCfg = Debug|Any CPU
		{74BE364B-7487-4AFB-ADA4-AD32DD9B24B0}.Debug|Any CPU.Build.0 = Debug|Any CPU
		{74BE364B-7487-4AFB-ADA4-AD32DD9B24B0}.Release|Any CPU.ActiveCfg = Release|Any CPU
		{74BE364B-7487-4AFB-ADA4-AD32DD9B24B0}.Release|Any CPU.Build.0 = Release|Any CPU
	EndGlobalSection
	GlobalSection(SolutionProperties) = preSolution
		HideSolutionNode = FALSE
	EndGlobalSection
	GlobalSection(ExtensibilityGlobals) = postSolution
		SolutionGuid = {099AC88F-E88C-4D74-BA32-01C8F93F5F75}
	EndGlobalSection
EndGlobal
