
Microsoft Visual Studio Solution File, Format Version 12.00
# Visual Studio Version 16
VisualStudioVersion = 16.0.31025.194
MinimumVisualStudioVersion = 10.0.40219.1
Project("{FAE04EC0-301F-11D3-BF4B-00C04F79EFBC}") = "01_Connected_Components", "01_Connected_Components\01_Connected_Components.csproj", "{D2F6CEDA-9F7C-4CD0-AD07-4BBC95249CA7}"
EndProject
Project("{FAE04EC0-301F-11D3-BF4B-00C04F79EFBC}") = "02_Topological_Sorting", "02_Topological_Sorting\02_Topological_Sorting.csproj", "{A400C92C-0ACD-48CE-896C-F0F4ADB3FA57}"
EndProject
Project("{FAE04EC0-301F-11D3-BF4B-00C04F79EFBC}") = "03_Shortest_Path", "03_Shortest_Path\03_Shortest_Path.csproj", "{37B44DD3-D976-4E5C-B4E2-9B1AE9BAD574}"
EndProject
Global
	GlobalSection(SolutionConfigurationPlatforms) = preSolution
		Debug|Any CPU = Debug|Any CPU
		Release|Any CPU = Release|Any CPU
	EndGlobalSection
	GlobalSection(ProjectConfigurationPlatforms) = postSolution
		{D2F6CEDA-9F7C-4CD0-AD07-4BBC95249CA7}.Debug|Any CPU.ActiveCfg = Debug|Any CPU
		{D2F6CEDA-9F7C-4CD0-AD07-4BBC95249CA7}.Debug|Any CPU.Build.0 = Debug|Any CPU
		{D2F6CEDA-9F7C-4CD0-AD07-4BBC95249CA7}.Release|Any CPU.ActiveCfg = Release|Any CPU
		{D2F6CEDA-9F7C-4CD0-AD07-4BBC95249CA7}.Release|Any CPU.Build.0 = Release|Any CPU
		{A400C92C-0ACD-48CE-896C-F0F4ADB3FA57}.Debug|Any CPU.ActiveCfg = Debug|Any CPU
		{A400C92C-0ACD-48CE-896C-F0F4ADB3FA57}.Debug|Any CPU.Build.0 = Debug|Any CPU
		{A400C92C-0ACD-48CE-896C-F0F4ADB3FA57}.Release|Any CPU.ActiveCfg = Release|Any CPU
		{A400C92C-0ACD-48CE-896C-F0F4ADB3FA57}.Release|Any CPU.Build.0 = Release|Any CPU
		{37B44DD3-D976-4E5C-B4E2-9B1AE9BAD574}.Debug|Any CPU.ActiveCfg = Debug|Any CPU
		{37B44DD3-D976-4E5C-B4E2-9B1AE9BAD574}.Debug|Any CPU.Build.0 = Debug|Any CPU
		{37B44DD3-D976-4E5C-B4E2-9B1AE9BAD574}.Release|Any CPU.ActiveCfg = Release|Any CPU
		{37B44DD3-D976-4E5C-B4E2-9B1AE9BAD574}.Release|Any CPU.Build.0 = Release|Any CPU
	EndGlobalSection
	GlobalSection(SolutionProperties) = preSolution
		HideSolutionNode = FALSE
	EndGlobalSection
	GlobalSection(ExtensibilityGlobals) = postSolution
		SolutionGuid = {4007A7A2-D387-4FFF-A6F9-404CC0FFF251}
	EndGlobalSection
EndGlobal
