
Microsoft Visual Studio Solution File, Format Version 12.00
# Visual Studio Version 16
VisualStudioVersion = 16.0.31112.23
MinimumVisualStudioVersion = 10.0.40219.1
Project("{9A19103F-16F7-4668-BE54-9A1E7A4F7556}") = "01_Cable_Merchant", "01_Cable_Merchant\01_Cable_Merchant.csproj", "{8561F9B7-A499-4FE6-AB1F-281B7DBF48D9}"
EndProject
Project("{9A19103F-16F7-4668-BE54-9A1E7A4F7556}") = "02_Battle_Points", "02_Battle_Points\02_Battle_Points.csproj", "{500CB105-CD87-4E2D-A502-97B74AE74D27}"
EndProject
Project("{9A19103F-16F7-4668-BE54-9A1E7A4F7556}") = "03_Longest_String_Chain", "03_Longest_String_Chain\03_Longest_String_Chain.csproj", "{44E1C3CA-D4F4-431D-A16B-9D3D193DDA45}"
EndProject
Project("{9A19103F-16F7-4668-BE54-9A1E7A4F7556}") = "04_Longest_Zigzag_Subsequence", "04_Longest_Zigzag_Subsequence\04_Longest_Zigzag_Subsequence.csproj", "{6A7FFC47-502F-462E-B820-B48CBE8848A2}"
EndProject
Global
	GlobalSection(SolutionConfigurationPlatforms) = preSolution
		Debug|Any CPU = Debug|Any CPU
		Release|Any CPU = Release|Any CPU
	EndGlobalSection
	GlobalSection(ProjectConfigurationPlatforms) = postSolution
		{8561F9B7-A499-4FE6-AB1F-281B7DBF48D9}.Debug|Any CPU.ActiveCfg = Debug|Any CPU
		{8561F9B7-A499-4FE6-AB1F-281B7DBF48D9}.Debug|Any CPU.Build.0 = Debug|Any CPU
		{8561F9B7-A499-4FE6-AB1F-281B7DBF48D9}.Release|Any CPU.ActiveCfg = Release|Any CPU
		{8561F9B7-A499-4FE6-AB1F-281B7DBF48D9}.Release|Any CPU.Build.0 = Release|Any CPU
		{500CB105-CD87-4E2D-A502-97B74AE74D27}.Debug|Any CPU.ActiveCfg = Debug|Any CPU
		{500CB105-CD87-4E2D-A502-97B74AE74D27}.Debug|Any CPU.Build.0 = Debug|Any CPU
		{500CB105-CD87-4E2D-A502-97B74AE74D27}.Release|Any CPU.ActiveCfg = Release|Any CPU
		{500CB105-CD87-4E2D-A502-97B74AE74D27}.Release|Any CPU.Build.0 = Release|Any CPU
		{44E1C3CA-D4F4-431D-A16B-9D3D193DDA45}.Debug|Any CPU.ActiveCfg = Debug|Any CPU
		{44E1C3CA-D4F4-431D-A16B-9D3D193DDA45}.Debug|Any CPU.Build.0 = Debug|Any CPU
		{44E1C3CA-D4F4-431D-A16B-9D3D193DDA45}.Release|Any CPU.ActiveCfg = Release|Any CPU
		{44E1C3CA-D4F4-431D-A16B-9D3D193DDA45}.Release|Any CPU.Build.0 = Release|Any CPU
		{6A7FFC47-502F-462E-B820-B48CBE8848A2}.Debug|Any CPU.ActiveCfg = Debug|Any CPU
		{6A7FFC47-502F-462E-B820-B48CBE8848A2}.Debug|Any CPU.Build.0 = Debug|Any CPU
		{6A7FFC47-502F-462E-B820-B48CBE8848A2}.Release|Any CPU.ActiveCfg = Release|Any CPU
		{6A7FFC47-502F-462E-B820-B48CBE8848A2}.Release|Any CPU.Build.0 = Release|Any CPU
	EndGlobalSection
	GlobalSection(SolutionProperties) = preSolution
		HideSolutionNode = FALSE
	EndGlobalSection
	GlobalSection(ExtensibilityGlobals) = postSolution
		SolutionGuid = {083F1D80-999A-47F5-9E83-253CA93F5350}
	EndGlobalSection
EndGlobal
