
Microsoft Visual Studio Solution File, Format Version 12.00
# Visual Studio Version 16
VisualStudioVersion = 16.0.31112.23
MinimumVisualStudioVersion = 10.0.40219.1
Project("{9A19103F-16F7-4668-BE54-9A1E7A4F7556}") = "01_Dijkstras_Algorithm", "01_Dijkstras_Algorithm\01_Dijkstras_Algorithm.csproj", "{B56F289B-BA5A-4565-AEDF-B26029DCB249}"
EndProject
Project("{9A19103F-16F7-4668-BE54-9A1E7A4F7556}") = "02_Kruskals_Algorithm", "02_Kruskals_Algorithm\02_Kruskals_Algorithm.csproj", "{DB5615E8-B8FD-4930-AB18-B359BE807587}"
EndProject
Project("{9A19103F-16F7-4668-BE54-9A1E7A4F7556}") = "03_Prims_Algorithm", "03_Prims_Algorithm\03_Prims_Algorithm.csproj", "{9867FC52-F485-4C7D-A39E-CDBED85CF966}"
EndProject
Project("{FAE04EC0-301F-11D3-BF4B-00C04F79EFBC}") = "02_Kruskal_Algorithm.Tests", "02_Kruskal_Algorithm.Tests\02_Kruskal_Algorithm.Tests.csproj", "{9B0448B4-7253-4ABC-8747-491FE2CE870B}"
EndProject
Project("{FAE04EC0-301F-11D3-BF4B-00C04F79EFBC}") = "01_Dijkstras_Algorithm.Tests", "01_Dijkstras_Algorithm.Tests\01_Dijkstras_Algorithm.Tests.csproj", "{BED9BF92-672B-4B65-AF4A-A0821376CF79}"
EndProject
Project("{FAE04EC0-301F-11D3-BF4B-00C04F79EFBC}") = "01_2_Dijkstra_With_PriorityQueue", "01_2_Dijkstra_With_PriorityQueue\01_2_Dijkstra_With_PriorityQueue.csproj", "{BA533D1F-417A-4EE2-BC9F-D183199E8EDF}"
EndProject
Project("{FAE04EC0-301F-11D3-BF4B-00C04F79EFBC}") = "01_2_Dijkstra_With_PriorityQueue.Tests", "01_2_Dijkstra_With_PriorityQueue.Tests\01_2_Dijkstra_With_PriorityQueue.Tests.csproj", "{71D6D6C8-7975-4481-A8E3-D704B6A967E2}"
EndProject
Project("{FAE04EC0-301F-11D3-BF4B-00C04F79EFBC}") = "01_3_Dijkstra_With_OrderedBag", "01_3_Dijkstra_With_OrderedBag\01_3_Dijkstra_With_OrderedBag.csproj", "{4A92916B-CFC2-4248-9793-869D6B0FE9E5}"
EndProject
Global
	GlobalSection(SolutionConfigurationPlatforms) = preSolution
		Debug|Any CPU = Debug|Any CPU
		Release|Any CPU = Release|Any CPU
	EndGlobalSection
	GlobalSection(ProjectConfigurationPlatforms) = postSolution
		{B56F289B-BA5A-4565-AEDF-B26029DCB249}.Debug|Any CPU.ActiveCfg = Debug|Any CPU
		{B56F289B-BA5A-4565-AEDF-B26029DCB249}.Debug|Any CPU.Build.0 = Debug|Any CPU
		{B56F289B-BA5A-4565-AEDF-B26029DCB249}.Release|Any CPU.ActiveCfg = Release|Any CPU
		{B56F289B-BA5A-4565-AEDF-B26029DCB249}.Release|Any CPU.Build.0 = Release|Any CPU
		{DB5615E8-B8FD-4930-AB18-B359BE807587}.Debug|Any CPU.ActiveCfg = Debug|Any CPU
		{DB5615E8-B8FD-4930-AB18-B359BE807587}.Debug|Any CPU.Build.0 = Debug|Any CPU
		{DB5615E8-B8FD-4930-AB18-B359BE807587}.Release|Any CPU.ActiveCfg = Release|Any CPU
		{DB5615E8-B8FD-4930-AB18-B359BE807587}.Release|Any CPU.Build.0 = Release|Any CPU
		{9867FC52-F485-4C7D-A39E-CDBED85CF966}.Debug|Any CPU.ActiveCfg = Debug|Any CPU
		{9867FC52-F485-4C7D-A39E-CDBED85CF966}.Debug|Any CPU.Build.0 = Debug|Any CPU
		{9867FC52-F485-4C7D-A39E-CDBED85CF966}.Release|Any CPU.ActiveCfg = Release|Any CPU
		{9867FC52-F485-4C7D-A39E-CDBED85CF966}.Release|Any CPU.Build.0 = Release|Any CPU
		{9B0448B4-7253-4ABC-8747-491FE2CE870B}.Debug|Any CPU.ActiveCfg = Debug|Any CPU
		{9B0448B4-7253-4ABC-8747-491FE2CE870B}.Debug|Any CPU.Build.0 = Debug|Any CPU
		{9B0448B4-7253-4ABC-8747-491FE2CE870B}.Release|Any CPU.ActiveCfg = Release|Any CPU
		{9B0448B4-7253-4ABC-8747-491FE2CE870B}.Release|Any CPU.Build.0 = Release|Any CPU
		{BED9BF92-672B-4B65-AF4A-A0821376CF79}.Debug|Any CPU.ActiveCfg = Debug|Any CPU
		{BED9BF92-672B-4B65-AF4A-A0821376CF79}.Debug|Any CPU.Build.0 = Debug|Any CPU
		{BED9BF92-672B-4B65-AF4A-A0821376CF79}.Release|Any CPU.ActiveCfg = Release|Any CPU
		{BED9BF92-672B-4B65-AF4A-A0821376CF79}.Release|Any CPU.Build.0 = Release|Any CPU
		{BA533D1F-417A-4EE2-BC9F-D183199E8EDF}.Debug|Any CPU.ActiveCfg = Debug|Any CPU
		{BA533D1F-417A-4EE2-BC9F-D183199E8EDF}.Debug|Any CPU.Build.0 = Debug|Any CPU
		{BA533D1F-417A-4EE2-BC9F-D183199E8EDF}.Release|Any CPU.ActiveCfg = Release|Any CPU
		{BA533D1F-417A-4EE2-BC9F-D183199E8EDF}.Release|Any CPU.Build.0 = Release|Any CPU
		{71D6D6C8-7975-4481-A8E3-D704B6A967E2}.Debug|Any CPU.ActiveCfg = Debug|Any CPU
		{71D6D6C8-7975-4481-A8E3-D704B6A967E2}.Debug|Any CPU.Build.0 = Debug|Any CPU
		{71D6D6C8-7975-4481-A8E3-D704B6A967E2}.Release|Any CPU.ActiveCfg = Release|Any CPU
		{71D6D6C8-7975-4481-A8E3-D704B6A967E2}.Release|Any CPU.Build.0 = Release|Any CPU
		{4A92916B-CFC2-4248-9793-869D6B0FE9E5}.Debug|Any CPU.ActiveCfg = Debug|Any CPU
		{4A92916B-CFC2-4248-9793-869D6B0FE9E5}.Debug|Any CPU.Build.0 = Debug|Any CPU
		{4A92916B-CFC2-4248-9793-869D6B0FE9E5}.Release|Any CPU.ActiveCfg = Release|Any CPU
		{4A92916B-CFC2-4248-9793-869D6B0FE9E5}.Release|Any CPU.Build.0 = Release|Any CPU
	EndGlobalSection
	GlobalSection(SolutionProperties) = preSolution
		HideSolutionNode = FALSE
	EndGlobalSection
	GlobalSection(ExtensibilityGlobals) = postSolution
		SolutionGuid = {6140D8B0-4F3E-4728-AFF1-4674726E5D09}
	EndGlobalSection
EndGlobal
