
Microsoft Visual Studio Solution File, Format Version 12.00
# Visual Studio Version 16
VisualStudioVersion = 16.0.31112.23
MinimumVisualStudioVersion = 10.0.40219.1
Project("{FAE04EC0-301F-11D3-BF4B-00C04F79EFBC}") = "01_TBC", "01_TBC\01_TBC.csproj", "{3EBA7683-3DA1-4D81-ABEE-E9F23BEB6731}"
EndProject
Project("{FAE04EC0-301F-11D3-BF4B-00C04F79EFBC}") = "02_Socks", "02_Socks\02_Socks.csproj", "{8695E5EA-C80E-45EE-B22B-C606DE544291}"
EndProject
Project("{FAE04EC0-301F-11D3-BF4B-00C04F79EFBC}") = "03_Path_Finder", "03_Path_Finder\03_Path_Finder.csproj", "{AA702D00-24C7-4309-A35B-C808DA222484}"
EndProject
Global
	GlobalSection(SolutionConfigurationPlatforms) = preSolution
		Debug|Any CPU = Debug|Any CPU
		Release|Any CPU = Release|Any CPU
	EndGlobalSection
	GlobalSection(ProjectConfigurationPlatforms) = postSolution
		{3EBA7683-3DA1-4D81-ABEE-E9F23BEB6731}.Debug|Any CPU.ActiveCfg = Debug|Any CPU
		{3EBA7683-3DA1-4D81-ABEE-E9F23BEB6731}.Debug|Any CPU.Build.0 = Debug|Any CPU
		{3EBA7683-3DA1-4D81-ABEE-E9F23BEB6731}.Release|Any CPU.ActiveCfg = Release|Any CPU
		{3EBA7683-3DA1-4D81-ABEE-E9F23BEB6731}.Release|Any CPU.Build.0 = Release|Any CPU
		{8695E5EA-C80E-45EE-B22B-C606DE544291}.Debug|Any CPU.ActiveCfg = Debug|Any CPU
		{8695E5EA-C80E-45EE-B22B-C606DE544291}.Debug|Any CPU.Build.0 = Debug|Any CPU
		{8695E5EA-C80E-45EE-B22B-C606DE544291}.Release|Any CPU.ActiveCfg = Release|Any CPU
		{8695E5EA-C80E-45EE-B22B-C606DE544291}.Release|Any CPU.Build.0 = Release|Any CPU
		{AA702D00-24C7-4309-A35B-C808DA222484}.Debug|Any CPU.ActiveCfg = Debug|Any CPU
		{AA702D00-24C7-4309-A35B-C808DA222484}.Debug|Any CPU.Build.0 = Debug|Any CPU
		{AA702D00-24C7-4309-A35B-C808DA222484}.Release|Any CPU.ActiveCfg = Release|Any CPU
		{AA702D00-24C7-4309-A35B-C808DA222484}.Release|Any CPU.Build.0 = Release|Any CPU
	EndGlobalSection
	GlobalSection(SolutionProperties) = preSolution
		HideSolutionNode = FALSE
	EndGlobalSection
	GlobalSection(ExtensibilityGlobals) = postSolution
		SolutionGuid = {878245C9-F8E0-4E4D-B48C-BFBA573B0E3E}
	EndGlobalSection
EndGlobal
